// !$*UTF8*$!
{
	archiveVersion = 1;
	classes = {
	};
	objectVersion = 55;
	objects = {

/* Begin PBXBuildFile section */
		B8E9ECDE28BC013000692D3A /* AppDelegate.swift in Sources */ = {isa = PBXBuildFile; fileRef = B8E9ECDD28BC013000692D3A /* AppDelegate.swift */; };
		B8E9ECE028BC013000692D3A /* SceneDelegate.swift in Sources */ = {isa = PBXBuildFile; fileRef = B8E9ECDF28BC013000692D3A /* SceneDelegate.swift */; };
		B8E9ECE228BC013000692D3A /* ViewController.swift in Sources */ = {isa = PBXBuildFile; fileRef = B8E9ECE128BC013000692D3A /* ViewController.swift */; };
		B8E9ECE528BC013000692D3A /* Main.storyboard in Resources */ = {isa = PBXBuildFile; fileRef = B8E9ECE328BC013000692D3A /* Main.storyboard */; };
		B8E9ECE728BC013700692D3A /* Assets.xcassets in Resources */ = {isa = PBXBuildFile; fileRef = B8E9ECE628BC013700692D3A /* Assets.xcassets */; };
		B8E9ECEA28BC013700692D3A /* LaunchScreen.storyboard in Resources */ = {isa = PBXBuildFile; fileRef = B8E9ECE828BC013700692D3A /* LaunchScreen.storyboard */; };
		B8E9ECF728BC037100692D3A /* hana.png in Resources */ = {isa = PBXBuildFile; fileRef = B8E9ECF228BC037100692D3A /* hana.png */; };
		B8E9ECF828BC037100692D3A /* onpu.png in Resources */ = {isa = PBXBuildFile; fileRef = B8E9ECF328BC037100692D3A /* onpu.png */; };
		B8E9ECF928BC037100692D3A /* hoshi.png in Resources */ = {isa = PBXBuildFile; fileRef = B8E9ECF428BC037100692D3A /* hoshi.png */; };
		B8E9ECFA28BC037100692D3A /* background.png in Resources */ = {isa = PBXBuildFile; fileRef = B8E9ECF528BC037100692D3A /* background.png */; };
		B8E9ECFB28BC037100692D3A /* shitumon.png in Resources */ = {isa = PBXBuildFile; fileRef = B8E9ECF628BC037100692D3A /* shitumon.png */; };
/* End PBXBuildFile section */

/* Begin PBXFileReference section */
		B8E9ECDA28BC013000692D3A /* stamp.app */ = {isa = PBXFileReference; explicitFileType = wrapper.application; includeInIndex = 0; path = stamp.app; sourceTree = BUILT_PRODUCTS_DIR; };
		B8E9ECDD28BC013000692D3A /* AppDelegate.swift */ = {isa = PBXFileReference; lastKnownFileType = sourcecode.swift; path = AppDelegate.swift; sourceTree = "<group>"; };
		B8E9ECDF28BC013000692D3A /* SceneDelegate.swift */ = {isa = PBXFileReference; lastKnownFileType = sourcecode.swift; path = SceneDelegate.swift; sourceTree = "<group>"; };
		B8E9ECE128BC013000692D3A /* ViewController.swift */ = {isa = PBXFileReference; lastKnownFileType = sourcecode.swift; path = ViewController.swift; sourceTree = "<group>"; };
		B8E9ECE428BC013000692D3A /* Base */ = {isa = PBXFileReference; lastKnownFileType = file.storyboard; name = Base; path = Base.lproj/Main.storyboard; sourceTree = "<group>"; };
		B8E9ECE628BC013700692D3A /* Assets.xcassets */ = {isa = PBXFileReference; lastKnownFileType = folder.assetcatalog; path = Assets.xcassets; sourceTree = "<group>"; };
		B8E9ECE928BC013700692D3A /* Base */ = {isa = PBXFileReference; lastKnownFileType = file.storyboard; name = Base; path = Base.lproj/LaunchScreen.storyboard; sourceTree = "<group>"; };
		B8E9ECEB28BC013700692D3A /* Info.plist */ = {isa = PBXFileReference; lastKnownFileType = text.plist.xml; path = Info.plist; sourceTree = "<group>"; };
		B8E9ECF228BC037100692D3A /* hana.png */ = {isa = PBXFileReference; lastKnownFileType = image.png; path = hana.png; sourceTree = "<group>"; };
		B8E9ECF328BC037100692D3A /* onpu.png */ = {isa = PBXFileReference; lastKnownFileType = image.png; path = onpu.png; sourceTree = "<group>"; };
		B8E9ECF428BC037100692D3A /* hoshi.png */ = {isa = PBXFileReference; lastKnownFileType = image.png; path = hoshi.png; sourceTree = "<group>"; };
		B8E9ECF528BC037100692D3A /* background.png */ = {isa = PBXFileReference; lastKnownFileType = image.png; path = background.png; sourceTree = "<group>"; };
		B8E9ECF628BC037100692D3A /* shitumon.png */ = {isa = PBXFileReference; lastKnownFileType = image.png; path = shitumon.png; sourceTree = "<group>"; };
/* End PBXFileReference section */

/* Begin PBXFrameworksBuildPhase section */
		B8E9ECD728BC013000692D3A /* Frameworks */ = {
			isa = PBXFrameworksBuildPhase;
			buildActionMask = 2147483647;
			files = (
			);
			runOnlyForDeploymentPostprocessing = 0;
		};
/* End PBXFrameworksBuildPhase section */

/* Begin PBXGroup section */
		B8E9ECD128BC013000692D3A = {
			isa = PBXGroup;
			children = (
				B8E9ECDC28BC013000692D3A /* stamp */,
				B8E9ECDB28BC013000692D3A /* Products */,
			);
			sourceTree = "<group>";
		};
		B8E9ECDB28BC013000692D3A /* Products */ = {
			isa = PBXGroup;
			children = (
				B8E9ECDA28BC013000692D3A /* stamp.app */,
			);
			name = Products;
			sourceTree = "<group>";
		};
		B8E9ECDC28BC013000692D3A /* stamp */ = {
			isa = PBXGroup;
			children = (
				B8E9ECDD28BC013000692D3A /* AppDelegate.swift */,
				B8E9ECDF28BC013000692D3A /* SceneDelegate.swift */,
				B8E9ECE128BC013000692D3A /* ViewController.swift */,
				B8E9ECE328BC013000692D3A /* Main.storyboard */,
				B8E9ECE628BC013700692D3A /* Assets.xcassets */,
				B8E9ECF128BC037100692D3A /* StampResouces */,
				B8E9ECE828BC013700692D3A /* LaunchScreen.storyboard */,
				B8E9ECEB28BC013700692D3A /* Info.plist */,
			);
			path = stamp;
			sourceTree = "<group>";
		};
		B8E9ECF128BC037100692D3A /* StampResouces */ = {
			isa = PBXGroup;
			children = (
				B8E9ECF228BC037100692D3A /* hana.png */,
				B8E9ECF328BC037100692D3A /* onpu.png */,
				B8E9ECF428BC037100692D3A /* hoshi.png */,
				B8E9ECF528BC037100692D3A /* background.png */,
				B8E9ECF628BC037100692D3A /* shitumon.png */,
			);
			path = StampResouces;
			sourceTree = "<group>";
		};
/* End PBXGroup section */

/* Begin PBXNativeTarget section */
		B8E9ECD928BC013000692D3A /* stamp */ = {
			isa = PBXNativeTarget;
			buildConfigurationList = B8E9ECEE28BC013700692D3A /* Build configuration list for PBXNativeTarget "stamp" */;
			buildPhases = (
				B8E9ECD628BC013000692D3A /* Sources */,
				B8E9ECD728BC013000692D3A /* Frameworks */,
				B8E9ECD828BC013000692D3A /* Resources */,
			);
			buildRules = (
			);
			dependencies = (
			);
			name = stamp;
			productName = stamp;
			productReference = B8E9ECDA28BC013000692D3A /* stamp.app */;
			productType = "com.apple.product-type.application";
		};
/* End PBXNativeTarget section */

/* Begin PBXProject section */
		B8E9ECD228BC013000692D3A /* Project object */ = {
			isa = PBXProject;
			attributes = {
				BuildIndependentTargetsInParallel = 1;
				LastSwiftUpdateCheck = 1340;
				LastUpgradeCheck = 1340;
				TargetAttributes = {
					B8E9ECD928BC013000692D3A = {
						CreatedOnToolsVersion = 13.4.1;
					};
				};
			};
			buildConfigurationList = B8E9ECD528BC013000692D3A /* Build configuration list for PBXProject "stamp" */;
			compatibilityVersion = "Xcode 13.0";
			developmentRegion = en;
			hasScannedForEncodings = 0;
			knownRegions = (
				en,
				Base,
			);
			mainGroup = B8E9ECD128BC013000692D3A;
			productRefGroup = B8E9ECDB28BC013000692D3A /* Products */;
			projectDirPath = "";
			projectRoot = "";
			targets = (
				B8E9ECD928BC013000692D3A /* stamp */,
			);
		};
/* End PBXProject section */

/* Begin PBXResourcesBuildPhase section */
		B8E9ECD828BC013000692D3A /* Resources */ = {
			isa = PBXResourcesBuildPhase;
			buildActionMask = 2147483647;
			files = (
				B8E9ECEA28BC013700692D3A /* LaunchScreen.storyboard in Resources */,
				B8E9ECF928BC037100692D3A /* hoshi.png in Resources */,
				B8E9ECFA28BC037100692D3A /* background.png in Resources */,
				B8E9ECF828BC037100692D3A /* onpu.png in Resources */,
				B8E9ECE728BC013700692D3A /* Assets.xcassets in Resources */,
				B8E9ECE528BC013000692D3A /* Main.storyboard in Resources */,
				B8E9ECFB28BC037100692D3A /* shitumon.png in Resources */,
				B8E9ECF728BC037100692D3A /* hana.png in Resources */,
			);
			runOnlyForDeploymentPostprocessing = 0;
		};
/* End PBXResourcesBuildPhase section */

/* Begin PBXSourcesBuildPhase section */
		B8E9ECD628BC013000692D3A /* Sources */ = {
			isa = PBXSourcesBuildPhase;
			buildActionMask = 2147483647;
			files = (
				B8E9ECE228BC013000692D3A /* ViewController.swift in Sources */,
				B8E9ECDE28BC013000692D3A /* AppDelegate.swift in Sources */,
				B8E9ECE028BC013000692D3A /* SceneDelegate.swift in Sources */,
			);
			runOnlyForDeploymentPostprocessing = 0;
		};
/* End PBXSourcesBuildPhase section */

/* Begin PBXVariantGroup section */
		B8E9ECE328BC013000692D3A /* Main.storyboard */ = {
			isa = PBXVariantGroup;
			children = (
				B8E9ECE428BC013000692D3A /* Base */,
			);
			name = Main.storyboard;
			sourceTree = "<group>";
		};
		B8E9ECE828BC013700692D3A /* LaunchScreen.storyboard */ = {
			isa = PBXVariantGroup;
			children = (
				B8E9ECE928BC013700692D3A /* Base */,
			);
			name = LaunchScreen.storyboard;
			sourceTree = "<group>";
		};
/* End PBXVariantGroup section */

/* Begin XCBuildConfiguration section */
		B8E9ECEC28BC013700692D3A /* Debug */ = {
			isa = XCBuildConfiguration;
			buildSettings = {
				ALWAYS_SEARCH_USER_PATHS = NO;
				CLANG_ANALYZER_NONNULL = YES;
				CLANG_ANALYZER_NUMBER_OBJECT_CONVERSION = YES_AGGRESSIVE;
				CLANG_CXX_LANGUAGE_STANDARD = "gnu++17";
				CLANG_ENABLE_MODULES = YES;
				CLANG_ENABLE_OBJC_ARC = YES;
				CLANG_ENABLE_OBJC_WEAK = YES;
				CLANG_WARN_BLOCK_CAPTURE_AUTORELEASING = YES;
				CLANG_WARN_BOOL_CONVERSION = YES;
				CLANG_WARN_COMMA = YES;
				CLANG_WARN_CONSTANT_CONVERSION = YES;
				CLANG_WARN_DEPRECATED_OBJC_IMPLEMENTATIONS = YES;
				CLANG_WARN_DIRECT_OBJC_ISA_USAGE = YES_ERROR;
				CLANG_WARN_DOCUMENTATION_COMMENTS = YES;
				CLANG_WARN_EMPTY_BODY = YES;
				CLANG_WARN_ENUM_CONVERSION = YES;
				CLANG_WARN_INFINITE_RECURSION = YES;
				CLANG_WARN_INT_CONVERSION = YES;
				CLANG_WARN_NON_LITERAL_NULL_CONVERSION = YES;
				CLANG_WARN_OBJC_IMPLICIT_RETAIN_SELF = YES;
				CLANG_WARN_OBJC_LITERAL_CONVERSION = YES;
				CLANG_WARN_OBJC_ROOT_CLASS = YES_ERROR;
				CLANG_WARN_QUOTED_INCLUDE_IN_FRAMEWORK_HEADER = YES;
				CLANG_WARN_RANGE_LOOP_ANALYSIS = YES;
				CLANG_WARN_STRICT_PROTOTYPES = YES;
				CLANG_WARN_SUSPICIOUS_MOVE = YES;
				CLANG_WARN_UNGUARDED_AVAILABILITY = YES_AGGRESSIVE;
				CLANG_WARN_UNREACHABLE_CODE = YES;
				CLANG_WARN__DUPLICATE_METHOD_MATCH = YES;
				COPY_PHASE_STRIP = NO;
				DEBUG_INFORMATION_FORMAT = dwarf;
				ENABLE_STRICT_OBJC_MSGSEND = YES;
				ENABLE_TESTABILITY = YES;
				GCC_C_LANGUAGE_STANDARD = gnu11;
				GCC_DYNAMIC_NO_PIC = NO;
				GCC_NO_COMMON_BLOCKS = YES;
				GCC_OPTIMIZATION_LEVEL = 0;
				GCC_PREPROCESSOR_DEFINITIONS = (
					"DEBUG=1",
					"$(inherited)",
				);
				GCC_WARN_64_TO_32_BIT_CONVERSION = YES;
				GCC_WARN_ABOUT_RETURN_TYPE = YES_ERROR;
				GCC_WARN_UNDECLARED_SELECTOR = YES;
				GCC_WARN_UNINITIALIZED_AUTOS = YES_AGGRESSIVE;
				GCC_WARN_UNUSED_FUNCTION = YES;
				GCC_WARN_UNUSED_VARIABLE = YES;
				IPHONEOS_DEPLOYMENT_TARGET = 15.5;
				MTL_ENABLE_DEBUG_INFO = INCLUDE_SOURCE;
				MTL_FAST_MATH = YES;
				ONLY_ACTIVE_ARCH = YES;
				SDKROOT = iphoneos;
				SWIFT_ACTIVE_COMPILATION_CONDITIONS = DEBUG;
				SWIFT_OPTIMIZATION_LEVEL = "-Onone";
			};
			name = Debug;
		};
		B8E9ECED28BC013700692D3A /* Release */ = {
			isa = XCBuildConfiguration;
			buildSettings = {
				ALWAYS_SEARCH_USER_PATHS = NO;
				CLANG_ANALYZER_NONNULL = YES;
				CLANG_ANALYZER_NUMBER_OBJECT_CONVERSION = YES_AGGRESSIVE;
				CLANG_CXX_LANGUAGE_STANDARD = "gnu++17";
				CLANG_ENABLE_MODULES = YES;
				CLANG_ENABLE_OBJC_ARC = YES;
				CLANG_ENABLE_OBJC_WEAK = YES;
				CLANG_WARN_BLOCK_CAPTURE_AUTORELEASING = YES;
				CLANG_WARN_BOOL_CONVERSION = YES;
				CLANG_WARN_COMMA = YES;
				CLANG_WARN_CONSTANT_CONVERSION = YES;
				CLANG_WARN_DEPRECATED_OBJC_IMPLEMENTATIONS = YES;
				CLANG_WARN_DIRECT_OBJC_ISA_USAGE = YES_ERROR;
				CLANG_WARN_DOCUMENTATION_COMMENTS = YES;
				CLANG_WARN_EMPTY_BODY = YES;
				CLANG_WARN_ENUM_CONVERSION = YES;
				CLANG_WARN_INFINITE_RECURSION = YES;
				CLANG_WARN_INT_CONVERSION = YES;
				CLANG_WARN_NON_LITERAL_NULL_CONVERSION = YES;
				CLANG_WARN_OBJC_IMPLICIT_RETAIN_SELF = YES;
				CLANG_WARN_OBJC_LITERAL_CONVERSION = YES;
				CLANG_WARN_OBJC_ROOT_CLASS = YES_ERROR;
				CLANG_WARN_QUOTED_INCLUDE_IN_FRAMEWORK_HEADER = YES;
				CLANG_WARN_RANGE_LOOP_ANALYSIS = YES;
				CLANG_WARN_STRICT_PROTOTYPES = YES;
				CLANG_WARN_SUSPICIOUS_MOVE = YES;
				CLANG_WARN_UNGUARDED_AVAILABILITY = YES_AGGRESSIVE;
				CLANG_WARN_UNREACHABLE_CODE = YES;
				CLANG_WARN__DUPLICATE_METHOD_MATCH = YES;
				COPY_PHASE_STRIP = NO;
				DEBUG_INFORMATION_FORMAT = "dwarf-with-dsym";
				ENABLE_NS_ASSERTIONS = NO;
				ENABLE_STRICT_OBJC_MSGSEND = YES;
				GCC_C_LANGUAGE_STANDARD = gnu11;
				GCC_NO_COMMON_BLOCKS = YES;
				GCC_WARN_64_TO_32_BIT_CONVERSION = YES;
				GCC_WARN_ABOUT_RETURN_TYPE = YES_ERROR;
				GCC_WARN_UNDECLARED_SELECTOR = YES;
				GCC_WARN_UNINITIALIZED_AUTOS = YES_AGGRESSIVE;
				GCC_WARN_UNUSED_FUNCTION = YES;
				GCC_WARN_UNUSED_VARIABLE = YES;
				IPHONEOS_DEPLOYMENT_TARGET = 15.5;
				MTL_ENABLE_DEBUG_INFO = NO;
				MTL_FAST_MATH = YES;
				SDKROOT = iphoneos;
				SWIFT_COMPILATION_MODE = wholemodule;
				SWIFT_OPTIMIZATION_LEVEL = "-O";
				VALIDATE_PRODUCT = YES;
			};
			name = Release;
		};
		B8E9ECEF28BC013700692D3A /* Debug */ = {
			isa = XCBuildConfiguration;
			buildSettings = {
				ASSETCATALOG_COMPILER_APPICON_NAME = AppIcon;
				ASSETCATALOG_COMPILER_GLOBAL_ACCENT_COLOR_NAME = AccentColor;
				CODE_SIGN_STYLE = Automatic;
				CURRENT_PROJECT_VERSION = 1;
				DEVELOPMENT_TEAM = 6B7X9487DJ;
				GENERATE_INFOPLIST_FILE = YES;
				INFOPLIST_FILE = stamp/Info.plist;
				INFOPLIST_KEY_NSPhotoLibraryAddUsageDescription = "編集した画像をフォトブラリに保存する";
				INFOPLIST_KEY_NSPhotoLibraryUsageDescription = "アプリ内で編集する画像をフォトライブラリから表示する";
				INFOPLIST_KEY_UIApplicationSupportsIndirectInputEvents = YES;
				INFOPLIST_KEY_UILaunchStoryboardName = LaunchScreen;
				INFOPLIST_KEY_UIMainStoryboardFile = Main;
				INFOPLIST_KEY_UISupportedInterfaceOrientations_iPad = "UIInterfaceOrientationPortrait UIInterfaceOrientationPortraitUpsideDown UIInterfaceOrientationLandscapeLeft UIInterfaceOrientationLandscapeRight";
				INFOPLIST_KEY_UISupportedInterfaceOrientations_iPhone = "UIInterfaceOrientationPortrait UIInterfaceOrientationLandscapeLeft UIInterfaceOrientationLandscapeRight";
				LD_RUNPATH_SEARCH_PATHS = (
					"$(inherited)",
					"@executable_path/Frameworks",
				);
				MARKETING_VERSION = 1.0;
				PRODUCT_BUNDLE_IDENTIFIER = com.litech.stamp;
				PRODUCT_NAME = "$(TARGET_NAME)";
				SWIFT_EMIT_LOC_STRINGS = YES;
				SWIFT_VERSION = 5.0;
				TARGETED_DEVICE_FAMILY = "1,2";
			};
			name = Debug;
		};
		B8E9ECF028BC013700692D3A /* Release */ = {
			isa = XCBuildConfiguration;
			buildSettings = {
				ASSETCATALOG_COMPILER_APPICON_NAME = AppIcon;
				ASSETCATALOG_COMPILER_GLOBAL_ACCENT_COLOR_NAME = AccentColor;
				CODE_SIGN_STYLE = Automatic;
				CURRENT_PROJECT_VERSION = 1;
				DEVELOPMENT_TEAM = 6B7X9487DJ;
				GENERATE_INFOPLIST_FILE = YES;
				INFOPLIST_FILE = stamp/Info.plist;
				INFOPLIST_KEY_NSPhotoLibraryAddUsageDescription = "編集した画像をフォトブラリに保存する";
				INFOPLIST_KEY_NSPhotoLibraryUsageDescription = "アプリ内で編集する画像をフォトライブラリから表示する";
				INFOPLIST_KEY_UIApplicationSupportsIndirectInputEvents = YES;
				INFOPLIST_KEY_UILaunchStoryboardName = LaunchScreen;
				INFOPLIST_KEY_UIMainStoryboardFile = Main;
				INFOPLIST_KEY_UISupportedInterfaceOrientations_iPad = "UIInterfaceOrientationPortrait UIInterfaceOrientationPortraitUpsideDown UIInterfaceOrientationLandscapeLeft UIInterfaceOrientationLandscapeRight";
				INFOPLIST_KEY_UISupportedInterfaceOrientations_iPhone = "UIInterfaceOrientationPortrait UIInterfaceOrientationLandscapeLeft UIInterfaceOrientationLandscapeRight";
				LD_RUNPATH_SEARCH_PATHS = (
					"$(inherited)",
					"@executable_path/Frameworks",
				);
				MARKETING_VERSION = 1.0;
				PRODUCT_BUNDLE_IDENTIFIER = com.litech.stamp;
				PRODUCT_NAME = "$(TARGET_NAME)";
				SWIFT_EMIT_LOC_STRINGS = YES;
				SWIFT_VERSION = 5.0;
				TARGETED_DEVICE_FAMILY = "1,2";
			};
			name = Release;
		};
/* End XCBuildConfiguration section */

/* Begin XCConfigurationList section */
		B8E9ECD528BC013000692D3A /* Build configuration list for PBXProject "stamp" */ = {
			isa = XCConfigurationList;
			buildConfigurations = (
				B8E9ECEC28BC013700692D3A /* Debug */,
				B8E9ECED28BC013700692D3A /* Release */,
			);
			defaultConfigurationIsVisible = 0;
			defaultConfigurationName = Release;
		};
		B8E9ECEE28BC013700692D3A /* Build configuration list for PBXNativeTarget "stamp" */ = {
			isa = XCConfigurationList;
			buildConfigurations = (
				B8E9ECEF28BC013700692D3A /* Debug */,
				B8E9ECF028BC013700692D3A /* Release */,
			);
			defaultConfigurationIsVisible = 0;
			defaultConfigurationName = Release;
		};
/* End XCConfigurationList section */
	};
	rootObject = B8E9ECD228BC013000692D3A /* Project object */;
}
